
Microsoft Visual Studio Solution File, Format Version 12.00
# Visual Studio 15
Project("{FAE04EC0-301F-11D3-BF4B-00C04F79EFBC}") = "UnityEngine.UI", "UnityEngine.UI.csproj", "{4ABE4FBC-4912-7C3F-4CA0-163C23E7F2EC}"
EndProject
Project("{FAE04EC0-301F-11D3-BF4B-00C04F79EFBC}") = "Assembly-CSharp", "Assembly-CSharp.csproj", "{C9EDCD03-F194-CCF0-60D8-95F9A91F1148}"
EndProject
Project("{FAE04EC0-301F-11D3-BF4B-00C04F79EFBC}") = "UnityEditor.UI", "UnityEditor.UI.csproj", "{CC15F5C1-B47F-7602-0107-E33E913098AD}"
EndProject
Project("{FAE04EC0-301F-11D3-BF4B-00C04F79EFBC}") = "Assembly-CSharp-Editor", "Assembly-CSharp-Editor.csproj", "{29B14218-D911-BD8C-A8AA-7CC579388955}"
EndProject
Global
	GlobalSection(SolutionConfigurationPlatforms) = preSolution
		Debug|Any CPU = Debug|Any CPU
		Release|Any CPU = Release|Any CPU
	EndGlobalSection
	GlobalSection(ProjectConfigurationPlatforms) = postSolution
		{4ABE4FBC-4912-7C3F-4CA0-163C23E7F2EC}.Debug|Any CPU.ActiveCfg = Debug|Any CPU
		{4ABE4FBC-4912-7C3F-4CA0-163C23E7F2EC}.Debug|Any CPU.Build.0 = Debug|Any CPU
		{4ABE4FBC-4912-7C3F-4CA0-163C23E7F2EC}.Release|Any CPU.ActiveCfg = Release|Any CPU
		{4ABE4FBC-4912-7C3F-4CA0-163C23E7F2EC}.Release|Any CPU.Build.0 = Release|Any CPU
		{C9EDCD03-F194-CCF0-60D8-95F9A91F1148}.Debug|Any CPU.ActiveCfg = Debug|Any CPU
		{C9EDCD03-F194-CCF0-60D8-95F9A91F1148}.Debug|Any CPU.Build.0 = Debug|Any CPU
		{C9EDCD03-F194-CCF0-60D8-95F9A91F1148}.Release|Any CPU.ActiveCfg = Release|Any CPU
		{C9EDCD03-F194-CCF0-60D8-95F9A91F1148}.Release|Any CPU.Build.0 = Release|Any CPU
		{CC15F5C1-B47F-7602-0107-E33E913098AD}.Debug|Any CPU.ActiveCfg = Debug|Any CPU
		{CC15F5C1-B47F-7602-0107-E33E913098AD}.Debug|Any CPU.Build.0 = Debug|Any CPU
		{CC15F5C1-B47F-7602-0107-E33E913098AD}.Release|Any CPU.ActiveCfg = Release|Any CPU
		{CC15F5C1-B47F-7602-0107-E33E913098AD}.Release|Any CPU.Build.0 = Release|Any CPU
		{29B14218-D911-BD8C-A8AA-7CC579388955}.Debug|Any CPU.ActiveCfg = Debug|Any CPU
		{29B14218-D911-BD8C-A8AA-7CC579388955}.Debug|Any CPU.Build.0 = Debug|Any CPU
		{29B14218-D911-BD8C-A8AA-7CC579388955}.Release|Any CPU.ActiveCfg = Release|Any CPU
		{29B14218-D911-BD8C-A8AA-7CC579388955}.Release|Any CPU.Build.0 = Release|Any CPU
	EndGlobalSection
	GlobalSection(SolutionProperties) = preSolution
		HideSolutionNode = FALSE
	EndGlobalSection
EndGlobal
